
Microsoft Visual Studio Solution File, Format Version 12.00
# Visual Studio Version 16
VisualStudioVersion = 16.0.31321.278
MinimumVisualStudioVersion = 10.0.40219.1
Project("{9A19103F-16F7-4668-BE54-9A1E7A4F7556}") = "SpaContentExtractorUsingWebView2", "SpaContentExtractorUsingWebView2.csproj", "{99421792-5440-46A5-AAC9-D1286A0858FD}"
EndProject
Global
	GlobalSection(SolutionConfigurationPlatforms) = preSolution
		Debug|Any CPU = Debug|Any CPU
		Release|Any CPU = Release|Any CPU
	EndGlobalSection
	GlobalSection(ProjectConfigurationPlatforms) = postSolution
		{99421792-5440-46A5-AAC9-D1286A0858FD}.Debug|Any CPU.ActiveCfg = Debug|Any CPU
		{99421792-5440-46A5-AAC9-D1286A0858FD}.Debug|Any CPU.Build.0 = Debug|Any CPU
		{99421792-5440-46A5-AAC9-D1286A0858FD}.Release|Any CPU.ActiveCfg = Release|Any CPU
		{99421792-5440-46A5-AAC9-D1286A0858FD}.Release|Any CPU.Build.0 = Release|Any CPU
	EndGlobalSection
	GlobalSection(SolutionProperties) = preSolution
		HideSolutionNode = FALSE
	EndGlobalSection
	GlobalSection(ExtensibilityGlobals) = postSolution
		SolutionGuid = {CE9BA431-8A24-4ACE-A46B-5105880211B7}
	EndGlobalSection
EndGlobal
